
Microsoft Visual Studio Solution File, Format Version 12.00
# Visual Studio Version 17
VisualStudioVersion = 17.14.36212.18 d17.14
MinimumVisualStudioVersion = 10.0.40219.1
Project("{FAE04EC0-301F-11D3-BF4B-00C04F79EFBC}") = "BladeMatch", "BladeMatch\BladeMatch.csproj", "{A7A1C5C4-51DF-4B2A-AB32-BDE748F846C0}"
EndProject
Project("{FAE04EC0-301F-11D3-BF4B-00C04F79EFBC}") = "BladeMatch.UnitTest", "BladeMatch.UnitTest\BladeMatch.UnitTest.csproj", "{9CD289A8-0BE4-4239-924E-85BB80CD17AE}"
EndProject
Global
	GlobalSection(SolutionConfigurationPlatforms) = preSolution
		Debug|Any CPU = Debug|Any CPU
		Release|Any CPU = Release|Any CPU
	EndGlobalSection
	GlobalSection(ProjectConfigurationPlatforms) = postSolution
		{A7A1C5C4-51DF-4B2A-AB32-BDE748F846C0}.Debug|Any CPU.ActiveCfg = Debug|Any CPU
		{A7A1C5C4-51DF-4B2A-AB32-BDE748F846C0}.Debug|Any CPU.Build.0 = Debug|Any CPU
		{A7A1C5C4-51DF-4B2A-AB32-BDE748F846C0}.Release|Any CPU.ActiveCfg = Release|Any CPU
		{A7A1C5C4-51DF-4B2A-AB32-BDE748F846C0}.Release|Any CPU.Build.0 = Release|Any CPU
		{9CD289A8-0BE4-4239-924E-85BB80CD17AE}.Debug|Any CPU.ActiveCfg = Debug|Any CPU
		{9CD289A8-0BE4-4239-924E-85BB80CD17AE}.Debug|Any CPU.Build.0 = Debug|Any CPU
		{9CD289A8-0BE4-4239-924E-85BB80CD17AE}.Release|Any CPU.ActiveCfg = Release|Any CPU
		{9CD289A8-0BE4-4239-924E-85BB80CD17AE}.Release|Any CPU.Build.0 = Release|Any CPU
	EndGlobalSection
	GlobalSection(SolutionProperties) = preSolution
		HideSolutionNode = FALSE
	EndGlobalSection
	GlobalSection(ExtensibilityGlobals) = postSolution
		SolutionGuid = {6992C423-843D-4CB3-9821-6EFCAAC617A1}
	EndGlobalSection
EndGlobal
